github.com/alexandrevicenzi/go-sse v0.0.0-20190531224209-805eefa457e7 h1:HF2BoTaOEJzRl1WV+epnYM+kGi4DD87mVyQlWbkVLgA=
github.com/alexandrevicenzi/go-sse v0.0.0-20190531224209-805eefa457e7/go.mod h1:BLBuvd1uY9dCX660zu1fzsmr0Cqt3VPqK1e5fPfV6wc=
github.com/go-chi/chi v4.0.2+incompatible h1:maB6vn6FqCxrpz4FqWdh4+lwpyZIQS7YEAUcHlgXVRs=
github.com/go-chi/chi v4.0.2+incompatible/go.mod h1:eB3wogJHnLi3x/kFX2A+IbTBlXxmMeXJVKy9tTv1XzQ=
github.com/google/uuid v1.1.1 h1:Gkbcsh/GbpXz7lPftLA3P6TYMwjCLYm83jiFQZF/3gY=
github.com/google/uuid v1.1.1/go.mod h1:TIyPZe4MgqvfeYDBFedMoGGpEw/LqOeaOT+nhxU+yHo=
github.com/gorilla/websocket v1.4.0 h1:WDFjx/TMzVgy9VdMMQi2K2Emtwi2QcUQsztZ/zLaH/Q=
github.com/gorilla/websocket v1.4.0/go.mod h1:E7qHFY5m1UJ88s3WnNqhKjPHQ0heANvMoAMk2YaljkQ=
github.com/mattn/go-xmpp v0.0.0-20190124093244-6093f50721ed h1:A1hEQg5M0b3Wg06pm3q/B0wdZsPjVQ/a2IgauQ8wCZo=
github.com/mattn/go-xmpp v0.0.0-20190124093244-6093f50721ed/go.mod h1:Cs5mF0OsrRRmhkyOod//ldNPOwJsrBvJ+1WRspv0xoc=
